
Microsoft Visual Studio Solution File, Format Version 12.00
# Visual Studio Version 17
VisualStudioVersion = 17.7.34009.444
MinimumVisualStudioVersion = 10.0.40219.1
Project("{9A19103F-16F7-4668-BE54-9A1E7A4F7556}") = "View", "View\View.csproj", "{384E186E-EE3D-43D7-8C09-A4DC192C25F9}"
EndProject
Project("{FAE04EC0-301F-11D3-BF4B-00C04F79EFBC}") = "Model", "Model\Model\Model.csproj", "{6D41832B-0EF9-4046-BF4A-2535A74858D0}"
EndProject
Project("{FAE04EC0-301F-11D3-BF4B-00C04F79EFBC}") = "ViewModel", "ViewModel\ViewModel\ViewModel.csproj", "{4633655E-E152-4A9F-BC90-766548E9C5E7}"
EndProject
Global
	GlobalSection(SolutionConfigurationPlatforms) = preSolution
		Debug|Any CPU = Debug|Any CPU
		Release|Any CPU = Release|Any CPU
	EndGlobalSection
	GlobalSection(ProjectConfigurationPlatforms) = postSolution
		{384E186E-EE3D-43D7-8C09-A4DC192C25F9}.Debug|Any CPU.ActiveCfg = Debug|Any CPU
		{384E186E-EE3D-43D7-8C09-A4DC192C25F9}.Debug|Any CPU.Build.0 = Debug|Any CPU
		{384E186E-EE3D-43D7-8C09-A4DC192C25F9}.Release|Any CPU.ActiveCfg = Release|Any CPU
		{384E186E-EE3D-43D7-8C09-A4DC192C25F9}.Release|Any CPU.Build.0 = Release|Any CPU
		{6D41832B-0EF9-4046-BF4A-2535A74858D0}.Debug|Any CPU.ActiveCfg = Debug|Any CPU
		{6D41832B-0EF9-4046-BF4A-2535A74858D0}.Debug|Any CPU.Build.0 = Debug|Any CPU
		{6D41832B-0EF9-4046-BF4A-2535A74858D0}.Release|Any CPU.ActiveCfg = Release|Any CPU
		{6D41832B-0EF9-4046-BF4A-2535A74858D0}.Release|Any CPU.Build.0 = Release|Any CPU
		{4633655E-E152-4A9F-BC90-766548E9C5E7}.Debug|Any CPU.ActiveCfg = Debug|Any CPU
		{4633655E-E152-4A9F-BC90-766548E9C5E7}.Debug|Any CPU.Build.0 = Debug|Any CPU
		{4633655E-E152-4A9F-BC90-766548E9C5E7}.Release|Any CPU.ActiveCfg = Release|Any CPU
		{4633655E-E152-4A9F-BC90-766548E9C5E7}.Release|Any CPU.Build.0 = Release|Any CPU
	EndGlobalSection
	GlobalSection(SolutionProperties) = preSolution
		HideSolutionNode = FALSE
	EndGlobalSection
	GlobalSection(ExtensibilityGlobals) = postSolution
		SolutionGuid = {4438E1FF-46BB-49DC-B305-9809BA5FA61A}
	EndGlobalSection
EndGlobal
